
Microsoft Visual Studio Solution File, Format Version 12.00
# Visual Studio Version 17
VisualStudioVersion = 17.13.35818.85 d17.13
MinimumVisualStudioVersion = 10.0.40219.1
Project("{FAE04EC0-301F-11D3-BF4B-00C04F79EFBC}") = "GestionDeStock", "GestionDeStock.csproj", "{1F4E2711-317D-4469-BBC0-CC2E78AFE2FC}"
EndProject
Global
	GlobalSection(SolutionConfigurationPlatforms) = preSolution
		Debug|Any CPU = Debug|Any CPU
		Release|Any CPU = Release|Any CPU
	EndGlobalSection
	GlobalSection(ProjectConfigurationPlatforms) = postSolution
		{1F4E2711-317D-4469-BBC0-CC2E78AFE2FC}.Debug|Any CPU.ActiveCfg = Debug|Any CPU
		{1F4E2711-317D-4469-BBC0-CC2E78AFE2FC}.Debug|Any CPU.Build.0 = Debug|Any CPU
		{1F4E2711-317D-4469-BBC0-CC2E78AFE2FC}.Release|Any CPU.ActiveCfg = Release|Any CPU
		{1F4E2711-317D-4469-BBC0-CC2E78AFE2FC}.Release|Any CPU.Build.0 = Release|Any CPU
	EndGlobalSection
	GlobalSection(SolutionProperties) = preSolution
		HideSolutionNode = FALSE
	EndGlobalSection
	GlobalSection(ExtensibilityGlobals) = postSolution
		SolutionGuid = {FA9C84E6-DFAB-4EEC-A712-8B43706A34B6}
	EndGlobalSection
EndGlobal
